<?xml version="1.0" encoding="utf-8"?>
<Project ToolsVersion="4.0" xmlns="http://schemas.microsoft.com/developer/msbuild/2003">
  <ItemGroup>
    <Filter Include="Source Files">
      <UniqueIdentifier>{4FC737F1-C7A5-4376-A066-2A32D752A2FF}</UniqueIdentifier>
      <Extensions>cpp;c;cc;cxx;c++;cppm;ixx;def;odl;idl;hpj;bat;asm;asmx</Extensions>
    </Filter>
    <Filter Include="Header Files">
      <UniqueIdentifier>{93995380-89BD-4b04-88EB-625FBE52EBFB}</UniqueIdentifier>
      <Extensions>h;hh;hpp;hxx;h++;hm;inl;inc;ipp;xsd</Extensions>
    </Filter>
    <Filter Include="Resource Files">
      <UniqueIdentifier>{67DA6AB6-F800-4c08-8B7A-83BB121AAD01}</UniqueIdentifier>
      <Extensions>rc;ico;cur;bmp;dlg;rc2;rct;bin;rgs;gif;jpg;jpeg;jpe;resx;tiff;tif;png;wav;mfcribbon-ms</Extensions>
    </Filter>
    <Filter Include="Header Files\Entity">
      <UniqueIdentifier>{9fa2d06d-de95-48a4-9ab3-e8a7fad731c7}</UniqueIdentifier>
    </Filter>
    <Filter Include="Header Files\Component">
      <UniqueIdentifier>{d4727970-1583-46d7-8319-70701483665b}</UniqueIdentifier>
    </Filter>
    <Filter Include="Source Files\Entity">
      <UniqueIdentifier>{24088ed1-9074-44f8-b906-983ca21e8ed8}</UniqueIdentifier>
    </Filter>
    <Filter Include="Source Files\Component">
      <UniqueIdentifier>{60d23e34-f093-4a3a-bf4f-c4a3585d3467}</UniqueIdentifier>
    </Filter>
    <Filter Include="Header Files\Modules">
      <UniqueIdentifier>{0be98805-0e24-4c52-a5e2-0f79ad7f6169}</UniqueIdentifier>
    </Filter>
    <Filter Include="Source Files\Modules">
      <UniqueIdentifier>{faaf2906-ee83-47f1-9b17-ff054f53099a}</UniqueIdentifier>
    </Filter>
    <Filter Include="Header Files\Enemy Variants">
      <UniqueIdentifier>{3e973907-e28c-4de0-88a5-b1fd78903164}</UniqueIdentifier>
    </Filter>
    <Filter Include="Source Files\Enemy Variants">
      <UniqueIdentifier>{d1b5c95a-05bb-4538-b538-bb005b3a4449}</UniqueIdentifier>
    </Filter>
  </ItemGroup>
  <ItemGroup>
    <ClCompile Include="main.cpp">
      <Filter>Source Files</Filter>
    </ClCompile>
    <ClCompile Include="core.cpp">
      <Filter>Source Files</Filter>
    </ClCompile>
    <ClCompile Include="game.cpp">
      <Filter>Source Files</Filter>
    </ClCompile>
    <ClCompile Include="entity.cpp">
      <Filter>Source Files\Entity</Filter>
    </ClCompile>
    <ClCompile Include="sprite.cpp">
      <Filter>Source Files\Component</Filter>
    </ClCompile>
    <ClCompile Include="health.cpp">
      <Filter>Source Files\Component</Filter>
    </ClCompile>
    <ClCompile Include="ship.cpp">
      <Filter>Source Files\Entity</Filter>
    </ClCompile>
    <ClCompile Include="input.cpp">
      <Filter>Source Files\Modules</Filter>
    </ClCompile>
    <ClCompile Include="time.cpp">
      <Filter>Source Files\Modules</Filter>
    </ClCompile>
    <ClCompile Include="enemy_a.cpp">
      <Filter>Source Files\Enemy Variants</Filter>
    </ClCompile>
    <ClCompile Include="player.cpp">
      <Filter>Source Files\Entity</Filter>
    </ClCompile>
  </ItemGroup>
  <ItemGroup>
    <ClInclude Include="core.h">
      <Filter>Header Files</Filter>
    </ClInclude>
    <ClInclude Include="game.h">
      <Filter>Header Files</Filter>
    </ClInclude>
    <ClInclude Include="entity.h">
      <Filter>Header Files\Entity</Filter>
    </ClInclude>
    <ClInclude Include="sprite.h">
      <Filter>Header Files\Component</Filter>
    </ClInclude>
    <ClInclude Include="health.h">
      <Filter>Header Files\Component</Filter>
    </ClInclude>
    <ClInclude Include="ship.h">
      <Filter>Header Files\Entity</Filter>
    </ClInclude>
    <ClInclude Include="input.h">
      <Filter>Header Files\Modules</Filter>
    </ClInclude>
    <ClInclude Include="time.h">
      <Filter>Header Files\Modules</Filter>
    </ClInclude>
    <ClInclude Include="enemy_a.h">
      <Filter>Header Files\Enemy Variants</Filter>
    </ClInclude>
    <ClInclude Include="player.h">
      <Filter>Header Files\Entity</Filter>
    </ClInclude>
  </ItemGroup>
  <ItemGroup>
    <None Include="packages.config" />
  </ItemGroup>
</Project>